
Microsoft Visual Studio Solution File, Format Version 12.00
# Visual Studio Version 16
VisualStudioVersion = 16.0.31321.278
MinimumVisualStudioVersion = 10.0.40219.1
Project("{FAE04EC0-301F-11D3-BF4B-00C04F79EFBC}") = "TestCli", "TestCli.csproj", "{9E6A542D-3C01-46DD-8F74-0E841D2E932C}"
EndProject
Global
	GlobalSection(SolutionConfigurationPlatforms) = preSolution
		Debug|Any CPU = Debug|Any CPU
		Release|Any CPU = Release|Any CPU
	EndGlobalSection
	GlobalSection(ProjectConfigurationPlatforms) = postSolution
		{9E6A542D-3C01-46DD-8F74-0E841D2E932C}.Debug|Any CPU.ActiveCfg = Debug|Any CPU
		{9E6A542D-3C01-46DD-8F74-0E841D2E932C}.Debug|Any CPU.Build.0 = Debug|Any CPU
		{9E6A542D-3C01-46DD-8F74-0E841D2E932C}.Release|Any CPU.ActiveCfg = Release|Any CPU
		{9E6A542D-3C01-46DD-8F74-0E841D2E932C}.Release|Any CPU.Build.0 = Release|Any CPU
	EndGlobalSection
	GlobalSection(SolutionProperties) = preSolution
		HideSolutionNode = FALSE
	EndGlobalSection
	GlobalSection(ExtensibilityGlobals) = postSolution
		SolutionGuid = {ACD9F97F-1DE4-4E0A-900B-4FD9EC065E8A}
	EndGlobalSection
EndGlobal
